# generated by rye
# use `rye lock` or `rye sync` to update this lockfile
#
# last locked with the following flags:
#   pre: false
#   features: []
#   all-features: false
#   with-sources: false
#   generate-hashes: false
#   universal: false

-e file:.
annotated-types==0.7.0
    # via pydantic
linkify-it-py==2.0.3
    # via markdown-it-py
markdown-it-py==3.0.0
    # via mdit-py-plugins
    # via rich
    # via textual
mdit-py-plugins==0.4.2
    # via markdown-it-py
mdurl==0.1.2
    # via markdown-it-py
pendulum==3.0.0
    # via textual-datepicker
platformdirs==4.3.6
    # via textual
plotext==5.2.8
    # via kanban-tui
    # via textual-plotext
pydantic==2.9.2
    # via kanban-tui
pydantic-core==2.23.4
    # via pydantic
pygments==2.18.0
    # via rich
python-dateutil==2.9.0.post0
    # via pendulum
    # via time-machine
pyyaml==6.0.2
    # via kanban-tui
rich==13.8.1
    # via textual
six==1.16.0
    # via python-dateutil
textual==0.79.1
    # via kanban-tui
    # via textual-datepicker
    # via textual-plotext
textual-datepicker==0.2.4
    # via kanban-tui
textual-plotext==0.2.1
    # via kanban-tui
time-machine==2.15.0
    # via pendulum
typing-extensions==4.12.2
    # via pydantic
    # via pydantic-core
    # via textual
tzdata==2024.1
    # via pendulum
uc-micro-py==1.0.3
    # via linkify-it-py
